{
  "version": 4,
  "terraform_version": "1.6.4",
  "serial": 10,
  "lineage": "083c61f8-d83a-b8af-f814-f8ee78e11aaa",
  "outputs": {},
  "resources": [
    {
      "mode": "managed",
      "type": "azurerm_frontdoor",
      "name": "example",
      "provider": "provider[\"registry.terraform.io/hashicorp/azurerm\"]",
      "instances": [
        {
          "schema_version": 2,
          "attributes": {
            "backend_pool": [
              {
                "backend": [
                  {
                    "address": "www.bing.com",
                    "enabled": true,
                    "host_header": "www.bing.com",
                    "http_port": 80,
                    "https_port": 443,
                    "priority": 1,
                    "weight": 50
                  }
                ],
                "health_probe_name": "exampleHealthProbeSetting1",
                "id": "/subscriptions/491e1121-c626-46e3-98ba-98f9f0434964/resourceGroups/FrontDoorExampleResourceGroup23/providers/Microsoft.Network/frontDoors/example-FrontDoor243/backendPools/exampleBackendBing",
                "load_balancing_name": "exampleLoadBalancingSettings1",
                "name": "exampleBackendBing"
              }
            ],
            "backend_pool_health_probe": [
              {
                "enabled": true,
                "id": "/subscriptions/491e1121-c626-46e3-98ba-98f9f0434964/resourceGroups/FrontDoorExampleResourceGroup23/providers/Microsoft.Network/frontDoors/example-FrontDoor243/healthProbeSettings/exampleHealthProbeSetting1",
                "interval_in_seconds": 120,
                "name": "exampleHealthProbeSetting1",
                "path": "/",
                "probe_method": "GET",
                "protocol": "Http"
              }
            ],
            "backend_pool_health_probes": {
              "exampleHealthProbeSetting1": "/subscriptions/491e1121-c626-46e3-98ba-98f9f0434964/resourceGroups/FrontDoorExampleResourceGroup23/providers/Microsoft.Network/frontDoors/example-FrontDoor243/healthProbeSettings/exampleHealthProbeSetting1"
            },
            "backend_pool_load_balancing": [
              {
                "additional_latency_milliseconds": 0,
                "id": "/subscriptions/491e1121-c626-46e3-98ba-98f9f0434964/resourceGroups/FrontDoorExampleResourceGroup23/providers/Microsoft.Network/frontDoors/example-FrontDoor243/loadBalancingSettings/exampleLoadBalancingSettings1",
                "name": "exampleLoadBalancingSettings1",
                "sample_size": 4,
                "successful_samples_required": 2
              }
            ],
            "backend_pool_load_balancing_settings": {
              "exampleLoadBalancingSettings1": "/subscriptions/491e1121-c626-46e3-98ba-98f9f0434964/resourceGroups/FrontDoorExampleResourceGroup23/providers/Microsoft.Network/frontDoors/example-FrontDoor243/loadBalancingSettings/exampleLoadBalancingSettings1"
            },
            "backend_pool_settings": [
              {
                "backend_pools_send_receive_timeout_seconds": 0,
                "enforce_backend_pools_certificate_name_check": false
              }
            ],
            "backend_pools": {
              "exampleBackendBing": "/subscriptions/491e1121-c626-46e3-98ba-98f9f0434964/resourceGroups/FrontDoorExampleResourceGroup23/providers/Microsoft.Network/frontDoors/example-FrontDoor243/backendPools/exampleBackendBing"
            },
            "cname": "example-FrontDoor243.azurefd.net",
            "explicit_resource_order": [
              {
                "backend_pool_health_probe_ids": [
                  "/subscriptions/491e1121-c626-46e3-98ba-98f9f0434964/resourceGroups/FrontDoorExampleResourceGroup23/providers/Microsoft.Network/frontDoors/example-FrontDoor243/healthProbeSettings/exampleHealthProbeSetting1"
                ],
                "backend_pool_ids": [
                  "/subscriptions/491e1121-c626-46e3-98ba-98f9f0434964/resourceGroups/FrontDoorExampleResourceGroup23/providers/Microsoft.Network/frontDoors/example-FrontDoor243/backendPools/exampleBackendBing"
                ],
                "backend_pool_load_balancing_ids": [
                  "/subscriptions/491e1121-c626-46e3-98ba-98f9f0434964/resourceGroups/FrontDoorExampleResourceGroup23/providers/Microsoft.Network/frontDoors/example-FrontDoor243/loadBalancingSettings/exampleLoadBalancingSettings1"
                ],
                "frontend_endpoint_ids": [
                  "/subscriptions/491e1121-c626-46e3-98ba-98f9f0434964/resourceGroups/FrontDoorExampleResourceGroup23/providers/Microsoft.Network/frontDoors/example-FrontDoor243/frontendEndpoints/exampleFrontendEndpoint1"
                ],
                "routing_rule_ids": [
                  "/subscriptions/491e1121-c626-46e3-98ba-98f9f0434964/resourceGroups/FrontDoorExampleResourceGroup23/providers/Microsoft.Network/frontDoors/example-FrontDoor243/routingRules/exampleRoutingRule1"
                ]
              }
            ],
            "friendly_name": "",
            "frontend_endpoint": [
              {
                "host_name": "example-FrontDoor243.azurefd.net",
                "id": "/subscriptions/491e1121-c626-46e3-98ba-98f9f0434964/resourceGroups/FrontDoorExampleResourceGroup23/providers/Microsoft.Network/frontDoors/example-FrontDoor243/frontendEndpoints/exampleFrontendEndpoint1",
                "name": "exampleFrontendEndpoint1",
                "session_affinity_enabled": false,
                "session_affinity_ttl_seconds": 0,
                "web_application_firewall_policy_link_id": ""
              }
            ],
            "frontend_endpoints": {
              "exampleFrontendEndpoint1": "/subscriptions/491e1121-c626-46e3-98ba-98f9f0434964/resourceGroups/FrontDoorExampleResourceGroup23/providers/Microsoft.Network/frontDoors/example-FrontDoor243/frontendEndpoints/exampleFrontendEndpoint1"
            },
            "header_frontdoor_id": "857bf8d0-49a9-4bf5-ae5e-bf0a6b626768",
            "id": "/subscriptions/491e1121-c626-46e3-98ba-98f9f0434964/resourceGroups/FrontDoorExampleResourceGroup23/providers/Microsoft.Network/frontDoors/example-FrontDoor243",
            "load_balancer_enabled": true,
            "name": "example-FrontDoor243",
            "resource_group_name": "FrontDoorExampleResourceGroup23",
            "routing_rule": [
              {
                "accepted_protocols": [
                  "Http",
                  "Https"
                ],
                "enabled": true,
                "forwarding_configuration": [
                  {
                    "backend_pool_name": "exampleBackendBing",
                    "cache_duration": "",
                    "cache_enabled": false,
                    "cache_query_parameter_strip_directive": "StripAll",
                    "cache_query_parameters": null,
                    "cache_use_dynamic_compression": false,
                    "custom_forwarding_path": "",
                    "forwarding_protocol": "MatchRequest"
                  }
                ],
                "frontend_endpoints": [
                  "exampleFrontendEndpoint1"
                ],
                "id": "/subscriptions/491e1121-c626-46e3-98ba-98f9f0434964/resourceGroups/FrontDoorExampleResourceGroup23/providers/Microsoft.Network/frontDoors/example-FrontDoor243/routingRules/exampleRoutingRule1",
                "name": "exampleRoutingRule1",
                "patterns_to_match": [
                  "/*"
                ],
                "redirect_configuration": []
              }
            ],
            "routing_rules": {
              "exampleRoutingRule1": "/subscriptions/491e1121-c626-46e3-98ba-98f9f0434964/resourceGroups/FrontDoorExampleResourceGroup23/providers/Microsoft.Network/frontDoors/example-FrontDoor243/routingRules/exampleRoutingRule1"
            },
            "tags": null,
            "timeouts": null
          },
          "sensitive_attributes": [],
          "private": "eyJlMmJmYjczMC1lY2FhLTExZTYtOGY4OC0zNDM2M2JjN2M0YzAiOnsiY3JlYXRlIjoyMTYwMDAwMDAwMDAwMCwiZGVsZXRlIjoyMTYwMDAwMDAwMDAwMCwicmVhZCI6MzAwMDAwMDAwMDAwLCJ1cGRhdGUiOjIxNjAwMDAwMDAwMDAwfSwic2NoZW1hX3ZlcnNpb24iOiIyIn0=",
          "dependencies": [
            "azurerm_resource_group.example"
          ]
        }
      ]
    },
    {
      "mode": "managed",
      "type": "azurerm_resource_group",
      "name": "example",
      "provider": "provider[\"registry.terraform.io/hashicorp/azurerm\"]",
      "instances": [
        {
          "schema_version": 0,
          "attributes": {
            "id": "/subscriptions/491e1121-c626-46e3-98ba-98f9f0434964/resourceGroups/FrontDoorExampleResourceGroup23",
            "location": "westeurope",
            "managed_by": "",
            "name": "FrontDoorExampleResourceGroup23",
            "tags": {},
            "timeouts": null
          },
          "sensitive_attributes": [],
          "private": "eyJlMmJmYjczMC1lY2FhLTExZTYtOGY4OC0zNDM2M2JjN2M0YzAiOnsiY3JlYXRlIjo1NDAwMDAwMDAwMDAwLCJkZWxldGUiOjU0MDAwMDAwMDAwMDAsInJlYWQiOjMwMDAwMDAwMDAwMCwidXBkYXRlIjo1NDAwMDAwMDAwMDAwfX0="
        }
      ]
    }
  ],
  "check_results": null
}
